
Microsoft Visual Studio Solution File, Format Version 12.00
# Visual Studio 15
VisualStudioVersion = 15.0.28010.2036
MinimumVisualStudioVersion = 10.0.40219.1
Project("{FAE04EC0-301F-11D3-BF4B-00C04F79EFBC}") = "PersonalWebsite", "PersonalWebsite\PersonalWebsite.csproj", "{B387AEF6-07D2-4688-A589-32C7AD2A2971}"
EndProject
Global
	GlobalSection(SolutionConfigurationPlatforms) = preSolution
		Debug|Any CPU = Debug|Any CPU
		Release|Any CPU = Release|Any CPU
	EndGlobalSection
	GlobalSection(ProjectConfigurationPlatforms) = postSolution
		{B387AEF6-07D2-4688-A589-32C7AD2A2971}.Debug|Any CPU.ActiveCfg = Debug|Any CPU
		{B387AEF6-07D2-4688-A589-32C7AD2A2971}.Debug|Any CPU.Build.0 = Debug|Any CPU
		{B387AEF6-07D2-4688-A589-32C7AD2A2971}.Release|Any CPU.ActiveCfg = Release|Any CPU
		{B387AEF6-07D2-4688-A589-32C7AD2A2971}.Release|Any CPU.Build.0 = Release|Any CPU
	EndGlobalSection
	GlobalSection(SolutionProperties) = preSolution
		HideSolutionNode = FALSE
	EndGlobalSection
	GlobalSection(ExtensibilityGlobals) = postSolution
		SolutionGuid = {C24AACAD-9716-441A-810D-74DC876BCF3F}
	EndGlobalSection
EndGlobal
